
Microsoft Visual Studio Solution File, Format Version 12.00
# Visual Studio Version 17
VisualStudioVersion = 17.10.35027.167
MinimumVisualStudioVersion = 10.0.40219.1
Project("{FAE04EC0-301F-11D3-BF4B-00C04F79EFBC}") = "Hospital", "Hospital\Hospital.csproj", "{B60EFD62-60B9-4090-AFA0-C9DF21E99D2C}"
EndProject
Global
	GlobalSection(SolutionConfigurationPlatforms) = preSolution
		Debug|Any CPU = Debug|Any CPU
		Release|Any CPU = Release|Any CPU
	EndGlobalSection
	GlobalSection(ProjectConfigurationPlatforms) = postSolution
		{B60EFD62-60B9-4090-AFA0-C9DF21E99D2C}.Debug|Any CPU.ActiveCfg = Debug|Any CPU
		{B60EFD62-60B9-4090-AFA0-C9DF21E99D2C}.Debug|Any CPU.Build.0 = Debug|Any CPU
		{B60EFD62-60B9-4090-AFA0-C9DF21E99D2C}.Release|Any CPU.ActiveCfg = Release|Any CPU
		{B60EFD62-60B9-4090-AFA0-C9DF21E99D2C}.Release|Any CPU.Build.0 = Release|Any CPU
	EndGlobalSection
	GlobalSection(SolutionProperties) = preSolution
		HideSolutionNode = FALSE
	EndGlobalSection
	GlobalSection(ExtensibilityGlobals) = postSolution
		SolutionGuid = {8D5CD08D-5C08-4B3D-8253-77BEEDC637AA}
	EndGlobalSection
EndGlobal
